
Microsoft Visual Studio Solution File, Format Version 12.00
# Visual Studio 15
VisualStudioVersion = 15.0.26403.3
MinimumVisualStudioVersion = 10.0.40219.1
Project("{FAE04EC0-301F-11D3-BF4B-00C04F79EFBC}") = "OpenCI.IOC", "OpenCI.IOC\OpenCI.IOC.csproj", "{5417ACC7-BFC6-49AD-AAF3-6E2B8399AF6A}"
EndProject
Project("{FAE04EC0-301F-11D3-BF4B-00C04F79EFBC}") = "OpenCI.Identity", "OpenCI.Identity\OpenCI.Identity.csproj", "{D07D9BFB-2E23-41C1-A143-0E9439066981}"
EndProject
Project("{FAE04EC0-301F-11D3-BF4B-00C04F79EFBC}") = "OpenCI.API.Rest", "OpenCI.API.Rest\OpenCI.API.Rest.csproj", "{958177E3-AE76-4779-8579-C99F7106E8D9}"
EndProject
Project("{FAE04EC0-301F-11D3-BF4B-00C04F79EFBC}") = "OpenCI.API.Rest.Tests", "OpenCI.API.Rest.Tests\OpenCI.API.Rest.Tests.csproj", "{E3F21F84-575A-4FAB-9890-61CD6B6383AD}"
EndProject
Project("{FAE04EC0-301F-11D3-BF4B-00C04F79EFBC}") = "OpenCI.Data.Entities", "OpenCI.Data.Entities\OpenCI.Data.Entities.csproj", "{591908CA-42DC-455F-8B20-3F0D498D306F}"
EndProject
Project("{FAE04EC0-301F-11D3-BF4B-00C04F79EFBC}") = "OpenCI.Business.Models", "OpenCI.Business.Models\OpenCI.Business.Models.csproj", "{0AC90901-5EB7-4541-B1A4-B5CE56B53043}"
EndProject
Project("{FAE04EC0-301F-11D3-BF4B-00C04F79EFBC}") = "OpenCI.Business.Implementation", "OpenCI.Business.Implementation\OpenCI.Business.Implementation.csproj", "{04B7E7BB-95EE-454A-9541-DFEBAED59A55}"
EndProject
Project("{FAE04EC0-301F-11D3-BF4B-00C04F79EFBC}") = "OpenCI.Business.Contracts", "OpenCI.Business.Contracts\OpenCI.Business.Contracts.csproj", "{4CE14616-6BC9-4430-9064-B8DB0CC1C0F3}"
EndProject
Project("{FAE04EC0-301F-11D3-BF4B-00C04F79EFBC}") = "OpenCI.Data.Contracts", "OpenCI.Data.Contracts\OpenCI.Data.Contracts.csproj", "{4949C8EB-44B0-4503-A68A-471ABCC78740}"
EndProject
Project("{FAE04EC0-301F-11D3-BF4B-00C04F79EFBC}") = "OpenCI.Data.Implementation", "OpenCI.Data.Implementation\OpenCI.Data.Implementation.csproj", "{48253EE0-D57F-41FF-8284-86F58AB3B5CF}"
EndProject
Project("{FAE04EC0-301F-11D3-BF4B-00C04F79EFBC}") = "OpenCI.Data.Implementation.Tests", "OpenCI.Data.Implementation.Tests\OpenCI.Data.Implementation.Tests.csproj", "{B109A2F6-77AC-45E4-94BB-44463F23237F}"
EndProject
Global
	GlobalSection(SolutionConfigurationPlatforms) = preSolution
		Debug|Any CPU = Debug|Any CPU
		Release|Any CPU = Release|Any CPU
	EndGlobalSection
	GlobalSection(ProjectConfigurationPlatforms) = postSolution
		{5417ACC7-BFC6-49AD-AAF3-6E2B8399AF6A}.Debug|Any CPU.ActiveCfg = Debug|Any CPU
		{5417ACC7-BFC6-49AD-AAF3-6E2B8399AF6A}.Debug|Any CPU.Build.0 = Debug|Any CPU
		{5417ACC7-BFC6-49AD-AAF3-6E2B8399AF6A}.Release|Any CPU.ActiveCfg = Release|Any CPU
		{5417ACC7-BFC6-49AD-AAF3-6E2B8399AF6A}.Release|Any CPU.Build.0 = Release|Any CPU
		{D07D9BFB-2E23-41C1-A143-0E9439066981}.Debug|Any CPU.ActiveCfg = Debug|Any CPU
		{D07D9BFB-2E23-41C1-A143-0E9439066981}.Debug|Any CPU.Build.0 = Debug|Any CPU
		{D07D9BFB-2E23-41C1-A143-0E9439066981}.Release|Any CPU.ActiveCfg = Release|Any CPU
		{D07D9BFB-2E23-41C1-A143-0E9439066981}.Release|Any CPU.Build.0 = Release|Any CPU
		{958177E3-AE76-4779-8579-C99F7106E8D9}.Debug|Any CPU.ActiveCfg = Debug|Any CPU
		{958177E3-AE76-4779-8579-C99F7106E8D9}.Debug|Any CPU.Build.0 = Debug|Any CPU
		{958177E3-AE76-4779-8579-C99F7106E8D9}.Release|Any CPU.ActiveCfg = Release|Any CPU
		{958177E3-AE76-4779-8579-C99F7106E8D9}.Release|Any CPU.Build.0 = Release|Any CPU
		{E3F21F84-575A-4FAB-9890-61CD6B6383AD}.Debug|Any CPU.ActiveCfg = Debug|Any CPU
		{E3F21F84-575A-4FAB-9890-61CD6B6383AD}.Debug|Any CPU.Build.0 = Debug|Any CPU
		{E3F21F84-575A-4FAB-9890-61CD6B6383AD}.Release|Any CPU.ActiveCfg = Release|Any CPU
		{E3F21F84-575A-4FAB-9890-61CD6B6383AD}.Release|Any CPU.Build.0 = Release|Any CPU
		{591908CA-42DC-455F-8B20-3F0D498D306F}.Debug|Any CPU.ActiveCfg = Debug|Any CPU
		{591908CA-42DC-455F-8B20-3F0D498D306F}.Debug|Any CPU.Build.0 = Debug|Any CPU
		{591908CA-42DC-455F-8B20-3F0D498D306F}.Release|Any CPU.ActiveCfg = Release|Any CPU
		{591908CA-42DC-455F-8B20-3F0D498D306F}.Release|Any CPU.Build.0 = Release|Any CPU
		{0AC90901-5EB7-4541-B1A4-B5CE56B53043}.Debug|Any CPU.ActiveCfg = Debug|Any CPU
		{0AC90901-5EB7-4541-B1A4-B5CE56B53043}.Debug|Any CPU.Build.0 = Debug|Any CPU
		{0AC90901-5EB7-4541-B1A4-B5CE56B53043}.Release|Any CPU.ActiveCfg = Release|Any CPU
		{0AC90901-5EB7-4541-B1A4-B5CE56B53043}.Release|Any CPU.Build.0 = Release|Any CPU
		{04B7E7BB-95EE-454A-9541-DFEBAED59A55}.Debug|Any CPU.ActiveCfg = Debug|Any CPU
		{04B7E7BB-95EE-454A-9541-DFEBAED59A55}.Debug|Any CPU.Build.0 = Debug|Any CPU
		{04B7E7BB-95EE-454A-9541-DFEBAED59A55}.Release|Any CPU.ActiveCfg = Release|Any CPU
		{04B7E7BB-95EE-454A-9541-DFEBAED59A55}.Release|Any CPU.Build.0 = Release|Any CPU
		{4CE14616-6BC9-4430-9064-B8DB0CC1C0F3}.Debug|Any CPU.ActiveCfg = Debug|Any CPU
		{4CE14616-6BC9-4430-9064-B8DB0CC1C0F3}.Debug|Any CPU.Build.0 = Debug|Any CPU
		{4CE14616-6BC9-4430-9064-B8DB0CC1C0F3}.Release|Any CPU.ActiveCfg = Release|Any CPU
		{4CE14616-6BC9-4430-9064-B8DB0CC1C0F3}.Release|Any CPU.Build.0 = Release|Any CPU
		{4949C8EB-44B0-4503-A68A-471ABCC78740}.Debug|Any CPU.ActiveCfg = Debug|Any CPU
		{4949C8EB-44B0-4503-A68A-471ABCC78740}.Debug|Any CPU.Build.0 = Debug|Any CPU
		{4949C8EB-44B0-4503-A68A-471ABCC78740}.Release|Any CPU.ActiveCfg = Release|Any CPU
		{4949C8EB-44B0-4503-A68A-471ABCC78740}.Release|Any CPU.Build.0 = Release|Any CPU
		{48253EE0-D57F-41FF-8284-86F58AB3B5CF}.Debug|Any CPU.ActiveCfg = Debug|Any CPU
		{48253EE0-D57F-41FF-8284-86F58AB3B5CF}.Debug|Any CPU.Build.0 = Debug|Any CPU
		{48253EE0-D57F-41FF-8284-86F58AB3B5CF}.Release|Any CPU.ActiveCfg = Release|Any CPU
		{48253EE0-D57F-41FF-8284-86F58AB3B5CF}.Release|Any CPU.Build.0 = Release|Any CPU
		{B109A2F6-77AC-45E4-94BB-44463F23237F}.Debug|Any CPU.ActiveCfg = Debug|Any CPU
		{B109A2F6-77AC-45E4-94BB-44463F23237F}.Debug|Any CPU.Build.0 = Debug|Any CPU
		{B109A2F6-77AC-45E4-94BB-44463F23237F}.Release|Any CPU.ActiveCfg = Release|Any CPU
		{B109A2F6-77AC-45E4-94BB-44463F23237F}.Release|Any CPU.Build.0 = Release|Any CPU
	EndGlobalSection
	GlobalSection(SolutionProperties) = preSolution
		HideSolutionNode = FALSE
	EndGlobalSection
EndGlobal
