
Microsoft Visual Studio Solution File, Format Version 12.00
# Visual Studio 15
VisualStudioVersion = 15.0.26430.15
MinimumVisualStudioVersion = 10.0.40219.1
Project("{FAE04EC0-301F-11D3-BF4B-00C04F79EFBC}") = "OpenCI.IOC", "OpenCI.IOC\OpenCI.IOC.csproj", "{5417ACC7-BFC6-49AD-AAF3-6E2B8399AF6A}"
EndProject
Project("{FAE04EC0-301F-11D3-BF4B-00C04F79EFBC}") = "OpenCI.API.Rest", "OpenCI.API.Rest\OpenCI.API.Rest.csproj", "{958177E3-AE76-4779-8579-C99F7106E8D9}"
EndProject
Project("{FAE04EC0-301F-11D3-BF4B-00C04F79EFBC}") = "OpenCI.API.Rest.Tests", "OpenCI.API.Rest.Tests\OpenCI.API.Rest.Tests.csproj", "{E3F21F84-575A-4FAB-9890-61CD6B6383AD}"
EndProject
Project("{FAE04EC0-301F-11D3-BF4B-00C04F79EFBC}") = "OpenCI.Data.Entities", "OpenCI.Data.Entities\OpenCI.Data.Entities.csproj", "{591908CA-42DC-455F-8B20-3F0D498D306F}"
EndProject
Project("{FAE04EC0-301F-11D3-BF4B-00C04F79EFBC}") = "OpenCI.Business.Models", "OpenCI.Business.Models\OpenCI.Business.Models.csproj", "{0AC90901-5EB7-4541-B1A4-B5CE56B53043}"
EndProject
Project("{FAE04EC0-301F-11D3-BF4B-00C04F79EFBC}") = "OpenCI.Business.Implementation", "OpenCI.Business.Implementation\OpenCI.Business.Implementation.csproj", "{04B7E7BB-95EE-454A-9541-DFEBAED59A55}"
EndProject
Project("{FAE04EC0-301F-11D3-BF4B-00C04F79EFBC}") = "OpenCI.Business.Contracts", "OpenCI.Business.Contracts\OpenCI.Business.Contracts.csproj", "{4CE14616-6BC9-4430-9064-B8DB0CC1C0F3}"
EndProject
Project("{FAE04EC0-301F-11D3-BF4B-00C04F79EFBC}") = "OpenCI.Data.Contracts", "OpenCI.Data.Contracts\OpenCI.Data.Contracts.csproj", "{4949C8EB-44B0-4503-A68A-471ABCC78740}"
EndProject
Project("{FAE04EC0-301F-11D3-BF4B-00C04F79EFBC}") = "OpenCI.Data.Implementation", "OpenCI.Data.Implementation\OpenCI.Data.Implementation.csproj", "{48253EE0-D57F-41FF-8284-86F58AB3B5CF}"
EndProject
Project("{FAE04EC0-301F-11D3-BF4B-00C04F79EFBC}") = "OpenCI.Data.Implementation.Tests", "OpenCI.Data.Implementation.Tests\OpenCI.Data.Implementation.Tests.csproj", "{B109A2F6-77AC-45E4-94BB-44463F23237F}"
EndProject
Project("{FAE04EC0-301F-11D3-BF4B-00C04F79EFBC}") = "OpenCI.AutoMapper", "OpenCI.AutoMapper\OpenCI.AutoMapper.csproj", "{E21B0CAC-ACDB-4B0D-AB40-52BBC19ACE0D}"
EndProject
Project("{2150E333-8FDC-42A3-9474-1A3956D46DE8}") = "Business", "Business", "{48BBF3F3-EBD6-4175-9099-56E448E691F4}"
EndProject
Project("{2150E333-8FDC-42A3-9474-1A3956D46DE8}") = "Data", "Data", "{5CF95E81-7F56-40BF-BAC4-0AB4DF52937B}"
EndProject
Project("{FAE04EC0-301F-11D3-BF4B-00C04F79EFBC}") = "OpenCI.Business.Implementation.Tests", "OpenCI.Business.Implementation.Tests\OpenCI.Business.Implementation.Tests.csproj", "{2D0F52CB-27BB-42CA-A692-99D14028087E}"
EndProject
Project("{2150E333-8FDC-42A3-9474-1A3956D46DE8}") = "API", "API", "{996FFC6D-E08A-48B6-94D8-A8816A561488}"
EndProject
Project("{FAE04EC0-301F-11D3-BF4B-00C04F79EFBC}") = "OpenCI.Exceptions", "OpenCI.Exceptions\OpenCI.Exceptions.csproj", "{103E204C-02AC-4985-9F20-A3A4F1135FC1}"
EndProject
Project("{2150E333-8FDC-42A3-9474-1A3956D46DE8}") = "Identity", "Identity", "{40B888E8-6859-4BC4-876B-F2AE37D53130}"
EndProject
Project("{FAE04EC0-301F-11D3-BF4B-00C04F79EFBC}") = "OpenCI.Identity.Dapper", "OpenCI.Identity.Dapper\OpenCI.Identity.Dapper.csproj", "{58AF3BB8-CA59-4BED-909D-6E71CBB6D100}"
EndProject
Project("{FAE04EC0-301F-11D3-BF4B-00C04F79EFBC}") = "OpenCI.Identity.Dapper.Tests", "OpenCI.Identity.Dapper.Tests\OpenCI.Identity.Dapper.Tests.csproj", "{8C28AD40-599B-4A2F-B8DD-75E7E782F506}"
EndProject
Project("{FAE04EC0-301F-11D3-BF4B-00C04F79EFBC}") = "OpenCI.Identity.ExtensionPoints", "OpenCI.Identity.ExtensionPoints\OpenCI.Identity.ExtensionPoints.csproj", "{20F7C2D9-DF57-4BE1-B8F4-F838B8CEE345}"
EndProject
Project("{2150E333-8FDC-42A3-9474-1A3956D46DE8}") = "Utilities", "Utilities", "{B5438E33-555A-46A2-9F98-AEF1C6276C78}"
EndProject
Project("{9A19103F-16F7-4668-BE54-9A1E7A4F7556}") = "OpenCI.EmailTemplates.MVC", "OpenCI.EmailTemplates.MVC\OpenCI.EmailTemplates.MVC.csproj", "{B689FBCF-5AD4-4374-9DD2-1EFB4D31890D}"
EndProject
Global
	GlobalSection(SolutionConfigurationPlatforms) = preSolution
		Debug|Any CPU = Debug|Any CPU
		EmailTemplateViewer|Any CPU = EmailTemplateViewer|Any CPU
		Release|Any CPU = Release|Any CPU
	EndGlobalSection
	GlobalSection(ProjectConfigurationPlatforms) = postSolution
		{5417ACC7-BFC6-49AD-AAF3-6E2B8399AF6A}.Debug|Any CPU.ActiveCfg = Debug|Any CPU
		{5417ACC7-BFC6-49AD-AAF3-6E2B8399AF6A}.Debug|Any CPU.Build.0 = Debug|Any CPU
		{5417ACC7-BFC6-49AD-AAF3-6E2B8399AF6A}.EmailTemplateViewer|Any CPU.ActiveCfg = EmailTemplateViewer|Any CPU
		{5417ACC7-BFC6-49AD-AAF3-6E2B8399AF6A}.Release|Any CPU.ActiveCfg = Release|Any CPU
		{5417ACC7-BFC6-49AD-AAF3-6E2B8399AF6A}.Release|Any CPU.Build.0 = Release|Any CPU
		{958177E3-AE76-4779-8579-C99F7106E8D9}.Debug|Any CPU.ActiveCfg = Debug|Any CPU
		{958177E3-AE76-4779-8579-C99F7106E8D9}.Debug|Any CPU.Build.0 = Debug|Any CPU
		{958177E3-AE76-4779-8579-C99F7106E8D9}.EmailTemplateViewer|Any CPU.ActiveCfg = EmailTemplateViewer|Any CPU
		{958177E3-AE76-4779-8579-C99F7106E8D9}.Release|Any CPU.ActiveCfg = Release|Any CPU
		{958177E3-AE76-4779-8579-C99F7106E8D9}.Release|Any CPU.Build.0 = Release|Any CPU
		{E3F21F84-575A-4FAB-9890-61CD6B6383AD}.Debug|Any CPU.ActiveCfg = Debug|Any CPU
		{E3F21F84-575A-4FAB-9890-61CD6B6383AD}.Debug|Any CPU.Build.0 = Debug|Any CPU
		{E3F21F84-575A-4FAB-9890-61CD6B6383AD}.EmailTemplateViewer|Any CPU.ActiveCfg = EmailTemplateViewer|Any CPU
		{E3F21F84-575A-4FAB-9890-61CD6B6383AD}.Release|Any CPU.ActiveCfg = Release|Any CPU
		{E3F21F84-575A-4FAB-9890-61CD6B6383AD}.Release|Any CPU.Build.0 = Release|Any CPU
		{591908CA-42DC-455F-8B20-3F0D498D306F}.Debug|Any CPU.ActiveCfg = Debug|Any CPU
		{591908CA-42DC-455F-8B20-3F0D498D306F}.Debug|Any CPU.Build.0 = Debug|Any CPU
		{591908CA-42DC-455F-8B20-3F0D498D306F}.EmailTemplateViewer|Any CPU.ActiveCfg = EmailTemplateViewer|Any CPU
		{591908CA-42DC-455F-8B20-3F0D498D306F}.Release|Any CPU.ActiveCfg = Release|Any CPU
		{591908CA-42DC-455F-8B20-3F0D498D306F}.Release|Any CPU.Build.0 = Release|Any CPU
		{0AC90901-5EB7-4541-B1A4-B5CE56B53043}.Debug|Any CPU.ActiveCfg = Debug|Any CPU
		{0AC90901-5EB7-4541-B1A4-B5CE56B53043}.Debug|Any CPU.Build.0 = Debug|Any CPU
		{0AC90901-5EB7-4541-B1A4-B5CE56B53043}.EmailTemplateViewer|Any CPU.ActiveCfg = EmailTemplateViewer|Any CPU
		{0AC90901-5EB7-4541-B1A4-B5CE56B53043}.Release|Any CPU.ActiveCfg = Release|Any CPU
		{0AC90901-5EB7-4541-B1A4-B5CE56B53043}.Release|Any CPU.Build.0 = Release|Any CPU
		{04B7E7BB-95EE-454A-9541-DFEBAED59A55}.Debug|Any CPU.ActiveCfg = Debug|Any CPU
		{04B7E7BB-95EE-454A-9541-DFEBAED59A55}.Debug|Any CPU.Build.0 = Debug|Any CPU
		{04B7E7BB-95EE-454A-9541-DFEBAED59A55}.EmailTemplateViewer|Any CPU.ActiveCfg = EmailTemplateViewer|Any CPU
		{04B7E7BB-95EE-454A-9541-DFEBAED59A55}.Release|Any CPU.ActiveCfg = Release|Any CPU
		{04B7E7BB-95EE-454A-9541-DFEBAED59A55}.Release|Any CPU.Build.0 = Release|Any CPU
		{4CE14616-6BC9-4430-9064-B8DB0CC1C0F3}.Debug|Any CPU.ActiveCfg = Debug|Any CPU
		{4CE14616-6BC9-4430-9064-B8DB0CC1C0F3}.Debug|Any CPU.Build.0 = Debug|Any CPU
		{4CE14616-6BC9-4430-9064-B8DB0CC1C0F3}.EmailTemplateViewer|Any CPU.ActiveCfg = EmailTemplateViewer|Any CPU
		{4CE14616-6BC9-4430-9064-B8DB0CC1C0F3}.Release|Any CPU.ActiveCfg = Release|Any CPU
		{4CE14616-6BC9-4430-9064-B8DB0CC1C0F3}.Release|Any CPU.Build.0 = Release|Any CPU
		{4949C8EB-44B0-4503-A68A-471ABCC78740}.Debug|Any CPU.ActiveCfg = Debug|Any CPU
		{4949C8EB-44B0-4503-A68A-471ABCC78740}.Debug|Any CPU.Build.0 = Debug|Any CPU
		{4949C8EB-44B0-4503-A68A-471ABCC78740}.EmailTemplateViewer|Any CPU.ActiveCfg = EmailTemplateViewer|Any CPU
		{4949C8EB-44B0-4503-A68A-471ABCC78740}.Release|Any CPU.ActiveCfg = Release|Any CPU
		{4949C8EB-44B0-4503-A68A-471ABCC78740}.Release|Any CPU.Build.0 = Release|Any CPU
		{48253EE0-D57F-41FF-8284-86F58AB3B5CF}.Debug|Any CPU.ActiveCfg = Debug|Any CPU
		{48253EE0-D57F-41FF-8284-86F58AB3B5CF}.Debug|Any CPU.Build.0 = Debug|Any CPU
		{48253EE0-D57F-41FF-8284-86F58AB3B5CF}.EmailTemplateViewer|Any CPU.ActiveCfg = EmailTemplateViewer|Any CPU
		{48253EE0-D57F-41FF-8284-86F58AB3B5CF}.Release|Any CPU.ActiveCfg = Release|Any CPU
		{48253EE0-D57F-41FF-8284-86F58AB3B5CF}.Release|Any CPU.Build.0 = Release|Any CPU
		{B109A2F6-77AC-45E4-94BB-44463F23237F}.Debug|Any CPU.ActiveCfg = Debug|Any CPU
		{B109A2F6-77AC-45E4-94BB-44463F23237F}.Debug|Any CPU.Build.0 = Debug|Any CPU
		{B109A2F6-77AC-45E4-94BB-44463F23237F}.EmailTemplateViewer|Any CPU.ActiveCfg = EmailTemplateViewer|Any CPU
		{B109A2F6-77AC-45E4-94BB-44463F23237F}.Release|Any CPU.ActiveCfg = Release|Any CPU
		{B109A2F6-77AC-45E4-94BB-44463F23237F}.Release|Any CPU.Build.0 = Release|Any CPU
		{E21B0CAC-ACDB-4B0D-AB40-52BBC19ACE0D}.Debug|Any CPU.ActiveCfg = Debug|Any CPU
		{E21B0CAC-ACDB-4B0D-AB40-52BBC19ACE0D}.Debug|Any CPU.Build.0 = Debug|Any CPU
		{E21B0CAC-ACDB-4B0D-AB40-52BBC19ACE0D}.EmailTemplateViewer|Any CPU.ActiveCfg = EmailTemplateViewer|Any CPU
		{E21B0CAC-ACDB-4B0D-AB40-52BBC19ACE0D}.Release|Any CPU.ActiveCfg = Release|Any CPU
		{E21B0CAC-ACDB-4B0D-AB40-52BBC19ACE0D}.Release|Any CPU.Build.0 = Release|Any CPU
		{2D0F52CB-27BB-42CA-A692-99D14028087E}.Debug|Any CPU.ActiveCfg = Debug|Any CPU
		{2D0F52CB-27BB-42CA-A692-99D14028087E}.Debug|Any CPU.Build.0 = Debug|Any CPU
		{2D0F52CB-27BB-42CA-A692-99D14028087E}.EmailTemplateViewer|Any CPU.ActiveCfg = EmailTemplateViewer|Any CPU
		{2D0F52CB-27BB-42CA-A692-99D14028087E}.Release|Any CPU.ActiveCfg = Release|Any CPU
		{2D0F52CB-27BB-42CA-A692-99D14028087E}.Release|Any CPU.Build.0 = Release|Any CPU
		{103E204C-02AC-4985-9F20-A3A4F1135FC1}.Debug|Any CPU.ActiveCfg = Debug|Any CPU
		{103E204C-02AC-4985-9F20-A3A4F1135FC1}.Debug|Any CPU.Build.0 = Debug|Any CPU
		{103E204C-02AC-4985-9F20-A3A4F1135FC1}.EmailTemplateViewer|Any CPU.ActiveCfg = EmailTemplateViewer|Any CPU
		{103E204C-02AC-4985-9F20-A3A4F1135FC1}.Release|Any CPU.ActiveCfg = Release|Any CPU
		{103E204C-02AC-4985-9F20-A3A4F1135FC1}.Release|Any CPU.Build.0 = Release|Any CPU
		{58AF3BB8-CA59-4BED-909D-6E71CBB6D100}.Debug|Any CPU.ActiveCfg = Debug|Any CPU
		{58AF3BB8-CA59-4BED-909D-6E71CBB6D100}.Debug|Any CPU.Build.0 = Debug|Any CPU
		{58AF3BB8-CA59-4BED-909D-6E71CBB6D100}.EmailTemplateViewer|Any CPU.ActiveCfg = EmailTemplateViewer|Any CPU
		{58AF3BB8-CA59-4BED-909D-6E71CBB6D100}.Release|Any CPU.ActiveCfg = Release|Any CPU
		{58AF3BB8-CA59-4BED-909D-6E71CBB6D100}.Release|Any CPU.Build.0 = Release|Any CPU
		{8C28AD40-599B-4A2F-B8DD-75E7E782F506}.Debug|Any CPU.ActiveCfg = Debug|Any CPU
		{8C28AD40-599B-4A2F-B8DD-75E7E782F506}.Debug|Any CPU.Build.0 = Debug|Any CPU
		{8C28AD40-599B-4A2F-B8DD-75E7E782F506}.EmailTemplateViewer|Any CPU.ActiveCfg = EmailTemplateViewer|Any CPU
		{8C28AD40-599B-4A2F-B8DD-75E7E782F506}.Release|Any CPU.ActiveCfg = Release|Any CPU
		{8C28AD40-599B-4A2F-B8DD-75E7E782F506}.Release|Any CPU.Build.0 = Release|Any CPU
		{20F7C2D9-DF57-4BE1-B8F4-F838B8CEE345}.Debug|Any CPU.ActiveCfg = Debug|Any CPU
		{20F7C2D9-DF57-4BE1-B8F4-F838B8CEE345}.Debug|Any CPU.Build.0 = Debug|Any CPU
		{20F7C2D9-DF57-4BE1-B8F4-F838B8CEE345}.EmailTemplateViewer|Any CPU.ActiveCfg = EmailTemplateViewer|Any CPU
		{20F7C2D9-DF57-4BE1-B8F4-F838B8CEE345}.Release|Any CPU.ActiveCfg = Release|Any CPU
		{20F7C2D9-DF57-4BE1-B8F4-F838B8CEE345}.Release|Any CPU.Build.0 = Release|Any CPU
		{B689FBCF-5AD4-4374-9DD2-1EFB4D31890D}.Debug|Any CPU.ActiveCfg = Debug|Any CPU
		{B689FBCF-5AD4-4374-9DD2-1EFB4D31890D}.Debug|Any CPU.Build.0 = Debug|Any CPU
		{B689FBCF-5AD4-4374-9DD2-1EFB4D31890D}.EmailTemplateViewer|Any CPU.ActiveCfg = Debug|Any CPU
		{B689FBCF-5AD4-4374-9DD2-1EFB4D31890D}.EmailTemplateViewer|Any CPU.Build.0 = Debug|Any CPU
		{B689FBCF-5AD4-4374-9DD2-1EFB4D31890D}.Release|Any CPU.ActiveCfg = Release|Any CPU
		{B689FBCF-5AD4-4374-9DD2-1EFB4D31890D}.Release|Any CPU.Build.0 = Release|Any CPU
	EndGlobalSection
	GlobalSection(SolutionProperties) = preSolution
		HideSolutionNode = FALSE
	EndGlobalSection
	GlobalSection(NestedProjects) = preSolution
		{958177E3-AE76-4779-8579-C99F7106E8D9} = {996FFC6D-E08A-48B6-94D8-A8816A561488}
		{E3F21F84-575A-4FAB-9890-61CD6B6383AD} = {996FFC6D-E08A-48B6-94D8-A8816A561488}
		{591908CA-42DC-455F-8B20-3F0D498D306F} = {5CF95E81-7F56-40BF-BAC4-0AB4DF52937B}
		{0AC90901-5EB7-4541-B1A4-B5CE56B53043} = {48BBF3F3-EBD6-4175-9099-56E448E691F4}
		{04B7E7BB-95EE-454A-9541-DFEBAED59A55} = {48BBF3F3-EBD6-4175-9099-56E448E691F4}
		{4CE14616-6BC9-4430-9064-B8DB0CC1C0F3} = {48BBF3F3-EBD6-4175-9099-56E448E691F4}
		{4949C8EB-44B0-4503-A68A-471ABCC78740} = {5CF95E81-7F56-40BF-BAC4-0AB4DF52937B}
		{48253EE0-D57F-41FF-8284-86F58AB3B5CF} = {5CF95E81-7F56-40BF-BAC4-0AB4DF52937B}
		{B109A2F6-77AC-45E4-94BB-44463F23237F} = {5CF95E81-7F56-40BF-BAC4-0AB4DF52937B}
		{2D0F52CB-27BB-42CA-A692-99D14028087E} = {48BBF3F3-EBD6-4175-9099-56E448E691F4}
		{58AF3BB8-CA59-4BED-909D-6E71CBB6D100} = {40B888E8-6859-4BC4-876B-F2AE37D53130}
		{8C28AD40-599B-4A2F-B8DD-75E7E782F506} = {40B888E8-6859-4BC4-876B-F2AE37D53130}
		{20F7C2D9-DF57-4BE1-B8F4-F838B8CEE345} = {40B888E8-6859-4BC4-876B-F2AE37D53130}
		{B689FBCF-5AD4-4374-9DD2-1EFB4D31890D} = {B5438E33-555A-46A2-9F98-AEF1C6276C78}
	EndGlobalSection
EndGlobal
